<?xml version="1.0" encoding="UTF-8" standalone="yes" ?>
<CodeBlocks_project_file>
	<FileVersion major="1" minor="6" />
	<Project>
		<Option title="vx4" />
		<Option pch_mode="2" />
		<Option compiler="gcc" />
		<Build>
			<Target title="Debug">
				<Option output="bin/Debug/vx4" prefix_auto="1" extension_auto="1" />
				<Option object_output="obj/Debug/" />
				<Option type="1" />
				<Option compiler="gcc" />
				<Compiler>
					<Add option="-pg" />
					<Add option="-g" />
				</Compiler>
				<Linker>
					<Add option="-pg" />
				</Linker>
			</Target>
			<Target title="Release">
				<Option output="bin/Release/vx4" prefix_auto="1" extension_auto="1" />
				<Option object_output="obj/Release/" />
				<Option type="1" />
				<Option compiler="gcc" />
				<Compiler>
					<Add option="-O2" />
					<Add option="-DNDEBUG" />
				</Compiler>
				<Linker>
					<Add option="-s" />
				</Linker>
			</Target>
		</Build>
		<Compiler>
			<Add option="-Wextra" />
			<Add option="-Wall" />
			<Add option="-std=gnu11" />
		</Compiler>
		<Linker>
			<Add library="dl" />
			<Add library="SDL2" />
		</Linker>
		<Unit filename="disk.c">
			<Option compilerVar="CC" />
		</Unit>
		<Unit filename="disk.h" />
		<Unit filename="error.c">
			<Option compilerVar="CC" />
		</Unit>
		<Unit filename="error.h" />
		<Unit filename="fwload.c">
			<Option compilerVar="CC" />
		</Unit>
		<Unit filename="fwload.h" />
		<Unit filename="graphics.c">
			<Option compilerVar="CC" />
		</Unit>
		<Unit filename="graphics.h" />
		<Unit filename="main.c">
			<Option compilerVar="CC" />
		</Unit>
		<Unit filename="mem.c">
			<Option compilerVar="CC" />
		</Unit>
		<Unit filename="mem.h" />
		<Unit filename="module.h" />
		<Unit filename="port.c">
			<Option compilerVar="CC" />
		</Unit>
		<Unit filename="port.h" />
		<Unit filename="register.c">
			<Option compilerVar="CC" />
		</Unit>
		<Unit filename="register.h" />
		<Unit filename="sysp.c">
			<Option compilerVar="CC" />
		</Unit>
		<Unit filename="sysp.h" />
		<Unit filename="textio.c">
			<Option compilerVar="CC" />
		</Unit>
		<Unit filename="textio.h" />
		<Extensions>
			<envvars />
			<code_completion />
			<debugger />
		</Extensions>
	</Project>
</CodeBlocks_project_file>
